
Microsoft Visual Studio Solution File, Format Version 12.00
# Visual Studio Version 17
VisualStudioVersion = 17.7.34221.43
MinimumVisualStudioVersion = 10.0.40219.1
Project("{2150E333-8FDC-42A3-9474-1A3956D46DE8}") = "01 Clients", "01 Clients", "{228FAB9E-8676-4F22-9DFC-56D241E3DD57}"
EndProject
Project("{2150E333-8FDC-42A3-9474-1A3956D46DE8}") = "02. Api.Gateways", "02. Api.Gateways", "{D7B557B5-5867-43E0-8A44-178C14F29FCC}"
EndProject
Project("{2150E333-8FDC-42A3-9474-1A3956D46DE8}") = "03. Service", "03. Service", "{4EEA91D8-4F16-4C16-862E-767DF4F83E8E}"
EndProject
Project("{2150E333-8FDC-42A3-9474-1A3956D46DE8}") = "02. Qualifying", "02. Qualifying", "{26488C66-A5A2-4C2C-869B-BA8E9DFB33C0}"
EndProject
Project("{2150E333-8FDC-42A3-9474-1A3956D46DE8}") = "03. Maintenance", "03. Maintenance", "{B4B52915-E8D1-4EC1-BEE0-78167ABA6291}"
EndProject
Project("{9A19103F-16F7-4668-BE54-9A1E7A4F7556}") = "Qualifying.Api", "src\Services\Qualifying\Qualifying.Api\Qualifying.Api.csproj", "{0B4A23B6-C50B-4D6B-9FFE-9D283BC5CF65}"
EndProject
Project("{2150E333-8FDC-42A3-9474-1A3956D46DE8}") = "01. API", "01. API", "{DCD2DAC0-A465-4601-AC97-64EADE3EF0BC}"
EndProject
Project("{2150E333-8FDC-42A3-9474-1A3956D46DE8}") = "02. Services", "02. Services", "{1B0C4457-AC05-4CC4-9CF2-D2AB6C963B94}"
EndProject
Project("{2150E333-8FDC-42A3-9474-1A3956D46DE8}") = "03. Persistence", "03. Persistence", "{44B918DB-B2AF-496D-8988-BC323F1DD296}"
EndProject
Project("{2150E333-8FDC-42A3-9474-1A3956D46DE8}") = "04. Models", "04. Models", "{5E76791C-CFD7-43DD-9E88-708DAEEC979C}"
EndProject
Project("{9A19103F-16F7-4668-BE54-9A1E7A4F7556}") = "Qualifying.Domain", "src\Services\Qualifying\Qualifying.Domain\Qualifying.Domain.csproj", "{21953F5B-1F6C-4728-99DD-AE92E839E798}"
EndProject
Project("{9A19103F-16F7-4668-BE54-9A1E7A4F7556}") = "Qualifying.Persistence.Database", "src\Services\Qualifying\Qualifying.Persistence.Database\Qualifying.Persistence.Database.csproj", "{809B8163-A992-4508-8E80-F54AB5556804}"
EndProject
Project("{9A19103F-16F7-4668-BE54-9A1E7A4F7556}") = "Qualifying.Service.Queries", "src\Services\Qualifying\Qualifying.Service.Queries\Qualifying.Service.Queries.csproj", "{E8CE0C3E-FA08-49C6-A1A5-2C6BFBE5DE47}"
EndProject
Project("{2150E333-8FDC-42A3-9474-1A3956D46DE8}") = "Common", "Common", "{413BEF80-5B7F-47CD-980C-B64E43E7D346}"
EndProject
Project("{9A19103F-16F7-4668-BE54-9A1E7A4F7556}") = "Service.Common.Mapping", "src\Services\Service.Common.Mapping\Service.Common.Mapping.csproj", "{8FEF69AE-4814-48F8-B136-F3C406FDD21C}"
EndProject
Project("{9A19103F-16F7-4668-BE54-9A1E7A4F7556}") = "Service.Common.Util", "src\Services\Service.Common.Util\Service.Common.Util.csproj", "{22183BD2-84FF-4627-91AC-DBC37927C50B}"
EndProject
Project("{9A19103F-16F7-4668-BE54-9A1E7A4F7556}") = "Qualifying.Service.EventHandlers", "src\Services\Qualifying\Qualifying.Service.EventHandlers\Qualifying.Service.EventHandlers.csproj", "{D7BEA415-5FD6-4FC0-B2DB-5AA87AC84288}"
EndProject
Project("{9A19103F-16F7-4668-BE54-9A1E7A4F7556}") = "Service.Common.Collection", "src\Services\Service.Common.Collection\Service.Common.Collection.csproj", "{1E90C456-12BA-4750-A42B-066E228793B2}"
EndProject
Project("{2150E333-8FDC-42A3-9474-1A3956D46DE8}") = "01. Authentication", "01. Authentication", "{628F9288-BFB0-4DB2-87B9-60BE4232BF8D}"
EndProject
Project("{FAE04EC0-301F-11D3-BF4B-00C04F79EFBC}") = "Authentication.Api", "src\Services\Authentication\Authentication.Api\Authentication.Api.csproj", "{951E4822-53D8-4B97-9039-B363EA0ECAF0}"
EndProject
Project("{2150E333-8FDC-42A3-9474-1A3956D46DE8}") = "01. API", "01. API", "{0DB87A5A-F00B-40AF-B382-2D7E88FEBD3E}"
EndProject
Project("{2150E333-8FDC-42A3-9474-1A3956D46DE8}") = "02. Services", "02. Services", "{86B60B0D-33E8-4E46-92F5-35879E649722}"
EndProject
Project("{2150E333-8FDC-42A3-9474-1A3956D46DE8}") = "03. Persistence", "03. Persistence", "{006F0BC8-267D-453E-BB11-C08DF6A16D67}"
EndProject
Project("{2150E333-8FDC-42A3-9474-1A3956D46DE8}") = "04. Models", "04. Models", "{37344782-31B8-4D51-954E-0BA0268FB9EE}"
EndProject
Project("{FAE04EC0-301F-11D3-BF4B-00C04F79EFBC}") = "Authentication.Service.EventHandlers", "src\Services\Authentication\Authentication.Service.EventHandlers\Authentication.Service.EventHandlers.csproj", "{18729E92-14E7-4A8D-9311-27614F89767F}"
EndProject
Project("{FAE04EC0-301F-11D3-BF4B-00C04F79EFBC}") = "Authentication.Service.Queries", "src\Services\Authentication\Authentication.Service.Queries\Authentication.Service.Queries.csproj", "{53CDE3F9-72EA-4196-AC96-C7E0F4C72D1E}"
EndProject
Project("{FAE04EC0-301F-11D3-BF4B-00C04F79EFBC}") = "Authentication.Persistence.Database", "src\Services\Authentication\Authentication.Persistence.Database\Authentication.Persistence.Database.csproj", "{FBAAF621-81F4-4C9B-9161-AFDC71DD5076}"
EndProject
Project("{FAE04EC0-301F-11D3-BF4B-00C04F79EFBC}") = "Authentication.Domain", "src\Services\Authentication\Authentication.Domain\Authentication.Domain.csproj", "{4313A80E-FFFB-44A3-973B-0440134EE543}"
EndProject
Global
	GlobalSection(SolutionConfigurationPlatforms) = preSolution
		Debug|Any CPU = Debug|Any CPU
		Release|Any CPU = Release|Any CPU
	EndGlobalSection
	GlobalSection(ProjectConfigurationPlatforms) = postSolution
		{0B4A23B6-C50B-4D6B-9FFE-9D283BC5CF65}.Debug|Any CPU.ActiveCfg = Debug|Any CPU
		{0B4A23B6-C50B-4D6B-9FFE-9D283BC5CF65}.Debug|Any CPU.Build.0 = Debug|Any CPU
		{0B4A23B6-C50B-4D6B-9FFE-9D283BC5CF65}.Release|Any CPU.ActiveCfg = Release|Any CPU
		{0B4A23B6-C50B-4D6B-9FFE-9D283BC5CF65}.Release|Any CPU.Build.0 = Release|Any CPU
		{21953F5B-1F6C-4728-99DD-AE92E839E798}.Debug|Any CPU.ActiveCfg = Debug|Any CPU
		{21953F5B-1F6C-4728-99DD-AE92E839E798}.Debug|Any CPU.Build.0 = Debug|Any CPU
		{21953F5B-1F6C-4728-99DD-AE92E839E798}.Release|Any CPU.ActiveCfg = Release|Any CPU
		{21953F5B-1F6C-4728-99DD-AE92E839E798}.Release|Any CPU.Build.0 = Release|Any CPU
		{809B8163-A992-4508-8E80-F54AB5556804}.Debug|Any CPU.ActiveCfg = Debug|Any CPU
		{809B8163-A992-4508-8E80-F54AB5556804}.Debug|Any CPU.Build.0 = Debug|Any CPU
		{809B8163-A992-4508-8E80-F54AB5556804}.Release|Any CPU.ActiveCfg = Release|Any CPU
		{809B8163-A992-4508-8E80-F54AB5556804}.Release|Any CPU.Build.0 = Release|Any CPU
		{E8CE0C3E-FA08-49C6-A1A5-2C6BFBE5DE47}.Debug|Any CPU.ActiveCfg = Debug|Any CPU
		{E8CE0C3E-FA08-49C6-A1A5-2C6BFBE5DE47}.Debug|Any CPU.Build.0 = Debug|Any CPU
		{E8CE0C3E-FA08-49C6-A1A5-2C6BFBE5DE47}.Release|Any CPU.ActiveCfg = Release|Any CPU
		{E8CE0C3E-FA08-49C6-A1A5-2C6BFBE5DE47}.Release|Any CPU.Build.0 = Release|Any CPU
		{8FEF69AE-4814-48F8-B136-F3C406FDD21C}.Debug|Any CPU.ActiveCfg = Debug|Any CPU
		{8FEF69AE-4814-48F8-B136-F3C406FDD21C}.Debug|Any CPU.Build.0 = Debug|Any CPU
		{8FEF69AE-4814-48F8-B136-F3C406FDD21C}.Release|Any CPU.ActiveCfg = Release|Any CPU
		{8FEF69AE-4814-48F8-B136-F3C406FDD21C}.Release|Any CPU.Build.0 = Release|Any CPU
		{22183BD2-84FF-4627-91AC-DBC37927C50B}.Debug|Any CPU.ActiveCfg = Debug|Any CPU
		{22183BD2-84FF-4627-91AC-DBC37927C50B}.Debug|Any CPU.Build.0 = Debug|Any CPU
		{22183BD2-84FF-4627-91AC-DBC37927C50B}.Release|Any CPU.ActiveCfg = Release|Any CPU
		{22183BD2-84FF-4627-91AC-DBC37927C50B}.Release|Any CPU.Build.0 = Release|Any CPU
		{D7BEA415-5FD6-4FC0-B2DB-5AA87AC84288}.Debug|Any CPU.ActiveCfg = Debug|Any CPU
		{D7BEA415-5FD6-4FC0-B2DB-5AA87AC84288}.Debug|Any CPU.Build.0 = Debug|Any CPU
		{D7BEA415-5FD6-4FC0-B2DB-5AA87AC84288}.Release|Any CPU.ActiveCfg = Release|Any CPU
		{D7BEA415-5FD6-4FC0-B2DB-5AA87AC84288}.Release|Any CPU.Build.0 = Release|Any CPU
		{1E90C456-12BA-4750-A42B-066E228793B2}.Debug|Any CPU.ActiveCfg = Debug|Any CPU
		{1E90C456-12BA-4750-A42B-066E228793B2}.Debug|Any CPU.Build.0 = Debug|Any CPU
		{1E90C456-12BA-4750-A42B-066E228793B2}.Release|Any CPU.ActiveCfg = Release|Any CPU
		{1E90C456-12BA-4750-A42B-066E228793B2}.Release|Any CPU.Build.0 = Release|Any CPU
		{951E4822-53D8-4B97-9039-B363EA0ECAF0}.Debug|Any CPU.ActiveCfg = Debug|Any CPU
		{951E4822-53D8-4B97-9039-B363EA0ECAF0}.Debug|Any CPU.Build.0 = Debug|Any CPU
		{951E4822-53D8-4B97-9039-B363EA0ECAF0}.Release|Any CPU.ActiveCfg = Release|Any CPU
		{951E4822-53D8-4B97-9039-B363EA0ECAF0}.Release|Any CPU.Build.0 = Release|Any CPU
		{18729E92-14E7-4A8D-9311-27614F89767F}.Debug|Any CPU.ActiveCfg = Debug|Any CPU
		{18729E92-14E7-4A8D-9311-27614F89767F}.Debug|Any CPU.Build.0 = Debug|Any CPU
		{18729E92-14E7-4A8D-9311-27614F89767F}.Release|Any CPU.ActiveCfg = Release|Any CPU
		{18729E92-14E7-4A8D-9311-27614F89767F}.Release|Any CPU.Build.0 = Release|Any CPU
		{53CDE3F9-72EA-4196-AC96-C7E0F4C72D1E}.Debug|Any CPU.ActiveCfg = Debug|Any CPU
		{53CDE3F9-72EA-4196-AC96-C7E0F4C72D1E}.Debug|Any CPU.Build.0 = Debug|Any CPU
		{53CDE3F9-72EA-4196-AC96-C7E0F4C72D1E}.Release|Any CPU.ActiveCfg = Release|Any CPU
		{53CDE3F9-72EA-4196-AC96-C7E0F4C72D1E}.Release|Any CPU.Build.0 = Release|Any CPU
		{FBAAF621-81F4-4C9B-9161-AFDC71DD5076}.Debug|Any CPU.ActiveCfg = Debug|Any CPU
		{FBAAF621-81F4-4C9B-9161-AFDC71DD5076}.Debug|Any CPU.Build.0 = Debug|Any CPU
		{FBAAF621-81F4-4C9B-9161-AFDC71DD5076}.Release|Any CPU.ActiveCfg = Release|Any CPU
		{FBAAF621-81F4-4C9B-9161-AFDC71DD5076}.Release|Any CPU.Build.0 = Release|Any CPU
		{4313A80E-FFFB-44A3-973B-0440134EE543}.Debug|Any CPU.ActiveCfg = Debug|Any CPU
		{4313A80E-FFFB-44A3-973B-0440134EE543}.Debug|Any CPU.Build.0 = Debug|Any CPU
		{4313A80E-FFFB-44A3-973B-0440134EE543}.Release|Any CPU.ActiveCfg = Release|Any CPU
		{4313A80E-FFFB-44A3-973B-0440134EE543}.Release|Any CPU.Build.0 = Release|Any CPU
	EndGlobalSection
	GlobalSection(SolutionProperties) = preSolution
		HideSolutionNode = FALSE
	EndGlobalSection
	GlobalSection(NestedProjects) = preSolution
		{26488C66-A5A2-4C2C-869B-BA8E9DFB33C0} = {4EEA91D8-4F16-4C16-862E-767DF4F83E8E}
		{B4B52915-E8D1-4EC1-BEE0-78167ABA6291} = {4EEA91D8-4F16-4C16-862E-767DF4F83E8E}
		{0B4A23B6-C50B-4D6B-9FFE-9D283BC5CF65} = {DCD2DAC0-A465-4601-AC97-64EADE3EF0BC}
		{DCD2DAC0-A465-4601-AC97-64EADE3EF0BC} = {26488C66-A5A2-4C2C-869B-BA8E9DFB33C0}
		{1B0C4457-AC05-4CC4-9CF2-D2AB6C963B94} = {26488C66-A5A2-4C2C-869B-BA8E9DFB33C0}
		{44B918DB-B2AF-496D-8988-BC323F1DD296} = {26488C66-A5A2-4C2C-869B-BA8E9DFB33C0}
		{5E76791C-CFD7-43DD-9E88-708DAEEC979C} = {26488C66-A5A2-4C2C-869B-BA8E9DFB33C0}
		{21953F5B-1F6C-4728-99DD-AE92E839E798} = {5E76791C-CFD7-43DD-9E88-708DAEEC979C}
		{809B8163-A992-4508-8E80-F54AB5556804} = {44B918DB-B2AF-496D-8988-BC323F1DD296}
		{E8CE0C3E-FA08-49C6-A1A5-2C6BFBE5DE47} = {1B0C4457-AC05-4CC4-9CF2-D2AB6C963B94}
		{413BEF80-5B7F-47CD-980C-B64E43E7D346} = {4EEA91D8-4F16-4C16-862E-767DF4F83E8E}
		{8FEF69AE-4814-48F8-B136-F3C406FDD21C} = {413BEF80-5B7F-47CD-980C-B64E43E7D346}
		{22183BD2-84FF-4627-91AC-DBC37927C50B} = {413BEF80-5B7F-47CD-980C-B64E43E7D346}
		{D7BEA415-5FD6-4FC0-B2DB-5AA87AC84288} = {1B0C4457-AC05-4CC4-9CF2-D2AB6C963B94}
		{1E90C456-12BA-4750-A42B-066E228793B2} = {413BEF80-5B7F-47CD-980C-B64E43E7D346}
		{628F9288-BFB0-4DB2-87B9-60BE4232BF8D} = {4EEA91D8-4F16-4C16-862E-767DF4F83E8E}
		{951E4822-53D8-4B97-9039-B363EA0ECAF0} = {0DB87A5A-F00B-40AF-B382-2D7E88FEBD3E}
		{0DB87A5A-F00B-40AF-B382-2D7E88FEBD3E} = {628F9288-BFB0-4DB2-87B9-60BE4232BF8D}
		{86B60B0D-33E8-4E46-92F5-35879E649722} = {628F9288-BFB0-4DB2-87B9-60BE4232BF8D}
		{006F0BC8-267D-453E-BB11-C08DF6A16D67} = {628F9288-BFB0-4DB2-87B9-60BE4232BF8D}
		{37344782-31B8-4D51-954E-0BA0268FB9EE} = {628F9288-BFB0-4DB2-87B9-60BE4232BF8D}
		{18729E92-14E7-4A8D-9311-27614F89767F} = {86B60B0D-33E8-4E46-92F5-35879E649722}
		{53CDE3F9-72EA-4196-AC96-C7E0F4C72D1E} = {86B60B0D-33E8-4E46-92F5-35879E649722}
		{FBAAF621-81F4-4C9B-9161-AFDC71DD5076} = {006F0BC8-267D-453E-BB11-C08DF6A16D67}
		{4313A80E-FFFB-44A3-973B-0440134EE543} = {37344782-31B8-4D51-954E-0BA0268FB9EE}
	EndGlobalSection
	GlobalSection(ExtensibilityGlobals) = postSolution
		SolutionGuid = {DAF89BF4-DBF1-45D0-915F-9A8D2E14BA1D}
	EndGlobalSection
EndGlobal
